
Microsoft Visual Studio Solution File, Format Version 12.00
Project("{FAE04EC0-301F-11D3-BF4B-00C04F79EFBC}") = "BuildingBlocks.Common", "building-blocks\BuildingBlocks.Common\BuildingBlocks.Common.csproj", "{2448EEEF-7071-4973-B279-6FAD71953F51}"
EndProject
Project("{FAE04EC0-301F-11D3-BF4B-00C04F79EFBC}") = "BuildingBlocks.Messaging", "building-blocks\BuildingBlocks.Messaging\BuildingBlocks.Messaging.csproj", "{E372AE4E-4069-4014-B856-467672F1278F}"
EndProject
Project("{FAE04EC0-301F-11D3-BF4B-00C04F79EFBC}") = "BuildingBlocks.Outbox", "building-blocks\BuildingBlocks.Outbox\BuildingBlocks.Outbox.csproj", "{0F6C6074-9B4E-4717-80D7-7B73CA450D2F}"
EndProject
Project("{FAE04EC0-301F-11D3-BF4B-00C04F79EFBC}") = "BuildingBlocks.Inbox", "building-blocks\BuildingBlocks.Inbox\BuildingBlocks.Inbox.csproj", "{9B0327EB-B565-4E37-9759-99393A1125D8}"
EndProject
Project("{2150E333-8FDC-42A3-9474-1A3956D46DE8}") = "BuildingBlocks", "BuildingBlocks", "{CCE913AB-7E94-4367-9B76-BA85BAA24CF1}"
EndProject
Project("{2150E333-8FDC-42A3-9474-1A3956D46DE8}") = "Catalog", "Catalog", "{87183550-B2D4-4A75-B618-0D664DE638EF}"
EndProject
Project("{FAE04EC0-301F-11D3-BF4B-00C04F79EFBC}") = "Catalog.Application", "services\catalog\Catalog.Application\Catalog.Application.csproj", "{A9DBFB06-9D4A-4138-972A-2772B2E03428}"
EndProject
Project("{FAE04EC0-301F-11D3-BF4B-00C04F79EFBC}") = "Catalog.Domain", "services\catalog\Catalog.Domain\Catalog.Domain.csproj", "{0B6A55AE-ECAA-4703-803F-8DD06E79320C}"
EndProject
Project("{FAE04EC0-301F-11D3-BF4B-00C04F79EFBC}") = "Catalog.API", "services\catalog\Catalog.API\Catalog.API.csproj", "{05B05E7A-838D-4354-A13E-80880B4238BC}"
EndProject
Project("{FAE04EC0-301F-11D3-BF4B-00C04F79EFBC}") = "Catalog.Infrastructure", "services\catalog\Catalog.Infrastructure\Catalog.Infrastructure.csproj", "{C2022F69-D12C-4C48-9BCD-63394AEBEB13}"
EndProject
Project("{2150E333-8FDC-42A3-9474-1A3956D46DE8}") = "Gateway", "Gateway", "{7BFDD1A7-538C-4FAD-A34A-02CF748DEFDF}"
EndProject
Project("{FAE04EC0-301F-11D3-BF4B-00C04F79EFBC}") = "Gateway.API", "gateway\Gateway.API\Gateway.API.csproj", "{51E99B49-7AFE-4585-9E8B-998D9FE3C83F}"
EndProject
Project("{2150E333-8FDC-42A3-9474-1A3956D46DE8}") = "AI", "AI", "{0928AC5A-AD86-4AB6-95C5-0B765B7CC94E}"
EndProject
Project("{FAE04EC0-301F-11D3-BF4B-00C04F79EFBC}") = "AI.API", "services\ai\AI.API\AI.API.csproj", "{49350901-4A94-4712-8177-F811CBD6AE49}"
EndProject
Project("{FAE04EC0-301F-11D3-BF4B-00C04F79EFBC}") = "AI.Application", "services\ai\AI.Application\AI.Application.csproj", "{7A366663-9F4D-4DBB-ADAF-A67459F9C519}"
EndProject
Project("{FAE04EC0-301F-11D3-BF4B-00C04F79EFBC}") = "AI.Infrastructure", "services\ai\AI.Infrastructure\AI.Infrastructure.csproj", "{A036613F-8E12-424F-915F-49B31F4CC314}"
EndProject
Project("{FAE04EC0-301F-11D3-BF4B-00C04F79EFBC}") = "AI.Domain", "services\ai\AI.Domain\AI.Domain.csproj", "{C316B0AB-DE0A-45C9-A0A6-EF8E5705BA38}"
EndProject
Global
	GlobalSection(SolutionConfigurationPlatforms) = preSolution
		Debug|Any CPU = Debug|Any CPU
		Release|Any CPU = Release|Any CPU
	EndGlobalSection
	GlobalSection(ProjectConfigurationPlatforms) = postSolution
		{2448EEEF-7071-4973-B279-6FAD71953F51}.Debug|Any CPU.ActiveCfg = Debug|Any CPU
		{2448EEEF-7071-4973-B279-6FAD71953F51}.Debug|Any CPU.Build.0 = Debug|Any CPU
		{2448EEEF-7071-4973-B279-6FAD71953F51}.Release|Any CPU.ActiveCfg = Release|Any CPU
		{2448EEEF-7071-4973-B279-6FAD71953F51}.Release|Any CPU.Build.0 = Release|Any CPU
		{E372AE4E-4069-4014-B856-467672F1278F}.Debug|Any CPU.ActiveCfg = Debug|Any CPU
		{E372AE4E-4069-4014-B856-467672F1278F}.Debug|Any CPU.Build.0 = Debug|Any CPU
		{E372AE4E-4069-4014-B856-467672F1278F}.Release|Any CPU.ActiveCfg = Release|Any CPU
		{E372AE4E-4069-4014-B856-467672F1278F}.Release|Any CPU.Build.0 = Release|Any CPU
		{0F6C6074-9B4E-4717-80D7-7B73CA450D2F}.Debug|Any CPU.ActiveCfg = Debug|Any CPU
		{0F6C6074-9B4E-4717-80D7-7B73CA450D2F}.Debug|Any CPU.Build.0 = Debug|Any CPU
		{0F6C6074-9B4E-4717-80D7-7B73CA450D2F}.Release|Any CPU.ActiveCfg = Release|Any CPU
		{0F6C6074-9B4E-4717-80D7-7B73CA450D2F}.Release|Any CPU.Build.0 = Release|Any CPU
		{9B0327EB-B565-4E37-9759-99393A1125D8}.Debug|Any CPU.ActiveCfg = Debug|Any CPU
		{9B0327EB-B565-4E37-9759-99393A1125D8}.Debug|Any CPU.Build.0 = Debug|Any CPU
		{9B0327EB-B565-4E37-9759-99393A1125D8}.Release|Any CPU.ActiveCfg = Release|Any CPU
		{9B0327EB-B565-4E37-9759-99393A1125D8}.Release|Any CPU.Build.0 = Release|Any CPU
		{A9DBFB06-9D4A-4138-972A-2772B2E03428}.Debug|Any CPU.ActiveCfg = Debug|Any CPU
		{A9DBFB06-9D4A-4138-972A-2772B2E03428}.Debug|Any CPU.Build.0 = Debug|Any CPU
		{A9DBFB06-9D4A-4138-972A-2772B2E03428}.Release|Any CPU.ActiveCfg = Release|Any CPU
		{A9DBFB06-9D4A-4138-972A-2772B2E03428}.Release|Any CPU.Build.0 = Release|Any CPU
		{0B6A55AE-ECAA-4703-803F-8DD06E79320C}.Debug|Any CPU.ActiveCfg = Debug|Any CPU
		{0B6A55AE-ECAA-4703-803F-8DD06E79320C}.Debug|Any CPU.Build.0 = Debug|Any CPU
		{0B6A55AE-ECAA-4703-803F-8DD06E79320C}.Release|Any CPU.ActiveCfg = Release|Any CPU
		{0B6A55AE-ECAA-4703-803F-8DD06E79320C}.Release|Any CPU.Build.0 = Release|Any CPU
		{05B05E7A-838D-4354-A13E-80880B4238BC}.Debug|Any CPU.ActiveCfg = Debug|Any CPU
		{05B05E7A-838D-4354-A13E-80880B4238BC}.Debug|Any CPU.Build.0 = Debug|Any CPU
		{05B05E7A-838D-4354-A13E-80880B4238BC}.Release|Any CPU.ActiveCfg = Release|Any CPU
		{05B05E7A-838D-4354-A13E-80880B4238BC}.Release|Any CPU.Build.0 = Release|Any CPU
		{C2022F69-D12C-4C48-9BCD-63394AEBEB13}.Debug|Any CPU.ActiveCfg = Debug|Any CPU
		{C2022F69-D12C-4C48-9BCD-63394AEBEB13}.Debug|Any CPU.Build.0 = Debug|Any CPU
		{C2022F69-D12C-4C48-9BCD-63394AEBEB13}.Release|Any CPU.ActiveCfg = Release|Any CPU
		{C2022F69-D12C-4C48-9BCD-63394AEBEB13}.Release|Any CPU.Build.0 = Release|Any CPU
		{51E99B49-7AFE-4585-9E8B-998D9FE3C83F}.Debug|Any CPU.ActiveCfg = Debug|Any CPU
		{51E99B49-7AFE-4585-9E8B-998D9FE3C83F}.Debug|Any CPU.Build.0 = Debug|Any CPU
		{51E99B49-7AFE-4585-9E8B-998D9FE3C83F}.Release|Any CPU.ActiveCfg = Release|Any CPU
		{51E99B49-7AFE-4585-9E8B-998D9FE3C83F}.Release|Any CPU.Build.0 = Release|Any CPU
		{49350901-4A94-4712-8177-F811CBD6AE49}.Debug|Any CPU.ActiveCfg = Debug|Any CPU
		{49350901-4A94-4712-8177-F811CBD6AE49}.Debug|Any CPU.Build.0 = Debug|Any CPU
		{49350901-4A94-4712-8177-F811CBD6AE49}.Release|Any CPU.ActiveCfg = Release|Any CPU
		{49350901-4A94-4712-8177-F811CBD6AE49}.Release|Any CPU.Build.0 = Release|Any CPU
		{7A366663-9F4D-4DBB-ADAF-A67459F9C519}.Debug|Any CPU.ActiveCfg = Debug|Any CPU
		{7A366663-9F4D-4DBB-ADAF-A67459F9C519}.Debug|Any CPU.Build.0 = Debug|Any CPU
		{7A366663-9F4D-4DBB-ADAF-A67459F9C519}.Release|Any CPU.ActiveCfg = Release|Any CPU
		{7A366663-9F4D-4DBB-ADAF-A67459F9C519}.Release|Any CPU.Build.0 = Release|Any CPU
		{A036613F-8E12-424F-915F-49B31F4CC314}.Debug|Any CPU.ActiveCfg = Debug|Any CPU
		{A036613F-8E12-424F-915F-49B31F4CC314}.Debug|Any CPU.Build.0 = Debug|Any CPU
		{A036613F-8E12-424F-915F-49B31F4CC314}.Release|Any CPU.ActiveCfg = Release|Any CPU
		{A036613F-8E12-424F-915F-49B31F4CC314}.Release|Any CPU.Build.0 = Release|Any CPU
		{C316B0AB-DE0A-45C9-A0A6-EF8E5705BA38}.Debug|Any CPU.ActiveCfg = Debug|Any CPU
		{C316B0AB-DE0A-45C9-A0A6-EF8E5705BA38}.Debug|Any CPU.Build.0 = Debug|Any CPU
		{C316B0AB-DE0A-45C9-A0A6-EF8E5705BA38}.Release|Any CPU.ActiveCfg = Release|Any CPU
		{C316B0AB-DE0A-45C9-A0A6-EF8E5705BA38}.Release|Any CPU.Build.0 = Release|Any CPU
	EndGlobalSection
	GlobalSection(NestedProjects) = preSolution
		{2448EEEF-7071-4973-B279-6FAD71953F51} = {CCE913AB-7E94-4367-9B76-BA85BAA24CF1}
		{9B0327EB-B565-4E37-9759-99393A1125D8} = {CCE913AB-7E94-4367-9B76-BA85BAA24CF1}
		{E372AE4E-4069-4014-B856-467672F1278F} = {CCE913AB-7E94-4367-9B76-BA85BAA24CF1}
		{0F6C6074-9B4E-4717-80D7-7B73CA450D2F} = {CCE913AB-7E94-4367-9B76-BA85BAA24CF1}
		{A9DBFB06-9D4A-4138-972A-2772B2E03428} = {87183550-B2D4-4A75-B618-0D664DE638EF}
		{0B6A55AE-ECAA-4703-803F-8DD06E79320C} = {87183550-B2D4-4A75-B618-0D664DE638EF}
		{05B05E7A-838D-4354-A13E-80880B4238BC} = {87183550-B2D4-4A75-B618-0D664DE638EF}
		{C2022F69-D12C-4C48-9BCD-63394AEBEB13} = {87183550-B2D4-4A75-B618-0D664DE638EF}
		{51E99B49-7AFE-4585-9E8B-998D9FE3C83F} = {7BFDD1A7-538C-4FAD-A34A-02CF748DEFDF}
		{49350901-4A94-4712-8177-F811CBD6AE49} = {0928AC5A-AD86-4AB6-95C5-0B765B7CC94E}
		{7A366663-9F4D-4DBB-ADAF-A67459F9C519} = {0928AC5A-AD86-4AB6-95C5-0B765B7CC94E}
		{A036613F-8E12-424F-915F-49B31F4CC314} = {0928AC5A-AD86-4AB6-95C5-0B765B7CC94E}
		{C316B0AB-DE0A-45C9-A0A6-EF8E5705BA38} = {0928AC5A-AD86-4AB6-95C5-0B765B7CC94E}
	EndGlobalSection
EndGlobal
