
Microsoft Visual Studio Solution File, Format Version 12.00
Project("{FAE04EC0-301F-11D3-BF4B-00C04F79EFBC}") = "BuildingBlocks.Common", "building-blocks\BuildingBlocks.Common\BuildingBlocks.Common.csproj", "{2448EEEF-7071-4973-B279-6FAD71953F51}"
EndProject
Project("{FAE04EC0-301F-11D3-BF4B-00C04F79EFBC}") = "BuildingBlocks.Messaging", "building-blocks\BuildingBlocks.Messaging\BuildingBlocks.Messaging.csproj", "{E372AE4E-4069-4014-B856-467672F1278F}"
EndProject
Project("{FAE04EC0-301F-11D3-BF4B-00C04F79EFBC}") = "BuildingBlocks.Outbox", "building-blocks\BuildingBlocks.Outbox\BuildingBlocks.Outbox.csproj", "{0F6C6074-9B4E-4717-80D7-7B73CA450D2F}"
EndProject
Project("{FAE04EC0-301F-11D3-BF4B-00C04F79EFBC}") = "BuildingBlocks.Inbox", "building-blocks\BuildingBlocks.Inbox\BuildingBlocks.Inbox.csproj", "{9B0327EB-B565-4E37-9759-99393A1125D8}"
EndProject
Project("{2150E333-8FDC-42A3-9474-1A3956D46DE8}") = "BuildingBlocks", "BuildingBlocks", "{CCE913AB-7E94-4367-9B76-BA85BAA24CF1}"
EndProject
Project("{2150E333-8FDC-42A3-9474-1A3956D46DE8}") = "Catalog", "Catalog", "{87183550-B2D4-4A75-B618-0D664DE638EF}"
EndProject
Project("{FAE04EC0-301F-11D3-BF4B-00C04F79EFBC}") = "Catalog.Application", "services\catalog\Catalog.Application\Catalog.Application.csproj", "{A9DBFB06-9D4A-4138-972A-2772B2E03428}"
EndProject
Project("{FAE04EC0-301F-11D3-BF4B-00C04F79EFBC}") = "Catalog.Domain", "services\catalog\Catalog.Domain\Catalog.Domain.csproj", "{0B6A55AE-ECAA-4703-803F-8DD06E79320C}"
EndProject
Project("{FAE04EC0-301F-11D3-BF4B-00C04F79EFBC}") = "Catalog.API", "services\catalog\Catalog.API\Catalog.API.csproj", "{05B05E7A-838D-4354-A13E-80880B4238BC}"
EndProject
Project("{FAE04EC0-301F-11D3-BF4B-00C04F79EFBC}") = "Catalog.Infrastructure", "services\catalog\Catalog.Infrastructure\Catalog.Infrastructure.csproj", "{C2022F69-D12C-4C48-9BCD-63394AEBEB13}"
EndProject
Project("{2150E333-8FDC-42A3-9474-1A3956D46DE8}") = "Gateway", "Gateway", "{7BFDD1A7-538C-4FAD-A34A-02CF748DEFDF}"
EndProject
Project("{FAE04EC0-301F-11D3-BF4B-00C04F79EFBC}") = "Gateway.API", "gateway\Gateway.API\Gateway.API.csproj", "{51E99B49-7AFE-4585-9E8B-998D9FE3C83F}"
EndProject
Project("{2150E333-8FDC-42A3-9474-1A3956D46DE8}") = "AI", "AI", "{0928AC5A-AD86-4AB6-95C5-0B765B7CC94E}"
EndProject
Project("{FAE04EC0-301F-11D3-BF4B-00C04F79EFBC}") = "AI.API", "services\ai\AI.API\AI.API.csproj", "{49350901-4A94-4712-8177-F811CBD6AE49}"
EndProject
Project("{FAE04EC0-301F-11D3-BF4B-00C04F79EFBC}") = "AI.Application", "services\ai\AI.Application\AI.Application.csproj", "{7A366663-9F4D-4DBB-ADAF-A67459F9C519}"
EndProject
Project("{FAE04EC0-301F-11D3-BF4B-00C04F79EFBC}") = "AI.Infrastructure", "services\ai\AI.Infrastructure\AI.Infrastructure.csproj", "{A036613F-8E12-424F-915F-49B31F4CC314}"
EndProject
Project("{FAE04EC0-301F-11D3-BF4B-00C04F79EFBC}") = "AI.Domain", "services\ai\AI.Domain\AI.Domain.csproj", "{C316B0AB-DE0A-45C9-A0A6-EF8E5705BA38}"
EndProject
Project("{2150E333-8FDC-42A3-9474-1A3956D46DE8}") = "Order", "Order", "{7E01922C-83C2-4B1E-900E-C01B20243751}"
EndProject
Project("{FAE04EC0-301F-11D3-BF4B-00C04F79EFBC}") = "Order.Domain", "services\order\Order.Domain\Order.Domain.csproj", "{A30CF798-02A4-4D6E-B7F4-E1D2D370812A}"
EndProject
Project("{FAE04EC0-301F-11D3-BF4B-00C04F79EFBC}") = "Order.Application", "services\order\Order.Application\Order.Application.csproj", "{78BD7EFF-463C-47A3-9B2C-426EBB2293DF}"
EndProject
Project("{FAE04EC0-301F-11D3-BF4B-00C04F79EFBC}") = "Order.Infrastructure", "services\order\Order.Infrastructure\Order.Infrastructure.csproj", "{01879B5C-F49E-425C-AEEA-09BA30738BA6}"
EndProject
Project("{FAE04EC0-301F-11D3-BF4B-00C04F79EFBC}") = "Order.API", "services\order\Order.API\Order.API.csproj", "{9515644C-CA73-4BE0-AE76-51C99AC545B7}"
EndProject
Project("{FAE04EC0-301F-11D3-BF4B-00C04F79EFBC}") = "BuildingBlocks.Messaging.RabbitMQ", "building-blocks\BuildingBlocks.Messaging.RabbitMQ\BuildingBlocks.Messaging.RabbitMQ.csproj", "{34F2845A-C3D3-43D8-AF63-C0E9A616110C}"
EndProject
Project("{2150E333-8FDC-42A3-9474-1A3956D46DE8}") = "Notification", "Notification", "{F2D9E7C1-8B4D-4A2B-A953-BCB74B548733}"
EndProject
Project("{FAE04EC0-301F-11D3-BF4B-00C04F79EFBC}") = "Notification.Application", "services\notification\Notification.Application\Notification.Application.csproj", "{F4562681-FED5-40C6-A70A-464E4F1EA24A}"
EndProject
Project("{FAE04EC0-301F-11D3-BF4B-00C04F79EFBC}") = "Notification.Infrastructure", "services\notification\Notification.Infrastructure\Notification.Infrastructure.csproj", "{A4BCA230-3F56-4770-AE3F-961C7CA287DB}"
EndProject
Project("{FAE04EC0-301F-11D3-BF4B-00C04F79EFBC}") = "Notification.Worker", "services\notification\Notification.Worker\Notification.Worker.csproj", "{D9A308A1-F468-4721-AF34-CCA9942ECCF6}"
EndProject
Project("{2150E333-8FDC-42A3-9474-1A3956D46DE8}") = "Inventory", "Inventory", "{4A794D86-937F-4EB7-83B6-81BDD4079F38}"
EndProject
Project("{FAE04EC0-301F-11D3-BF4B-00C04F79EFBC}") = "Inventory.Worker", "services\inventory\Inventory.Worker\Inventory.Worker.csproj", "{522ABCAE-C3CA-42E5-9B1D-60915111F836}"
EndProject
Project("{FAE04EC0-301F-11D3-BF4B-00C04F79EFBC}") = "Inventory.Domain", "services\inventory\Inventory.Domain\Inventory.Domain.csproj", "{3F0EA4A3-9694-4A05-9BBD-E58977BF695B}"
EndProject
Project("{FAE04EC0-301F-11D3-BF4B-00C04F79EFBC}") = "Inventory.Application", "services\inventory\Inventory.Application\Inventory.Application.csproj", "{3F29ED79-D854-4DC9-90CA-1BC75327C457}"
EndProject
Project("{FAE04EC0-301F-11D3-BF4B-00C04F79EFBC}") = "Inventory.Infrastructure", "services\inventory\Inventory.Infrastructure\Inventory.Infrastructure.csproj", "{FCB8766D-B269-4FA7-B80B-0BA53E75C2FA}"
EndProject
Project("{2150E333-8FDC-42A3-9474-1A3956D46DE8}") = "Payment", "Payment", "{D4B82E3B-1920-450F-A617-DE5301FDED40}"
EndProject
Project("{FAE04EC0-301F-11D3-BF4B-00C04F79EFBC}") = "Payment.Worker", "services\payment\Payment.Worker\Payment.Worker.csproj", "{12FD90F6-EDD1-4A28-966E-9CF73EF7A3E4}"
EndProject
Project("{FAE04EC0-301F-11D3-BF4B-00C04F79EFBC}") = "Payment.Domain", "services\payment\Payment.Domain\Payment.Domain.csproj", "{31B2FA69-B460-4F9D-A0B0-804D2FDE9DD7}"
EndProject
Project("{FAE04EC0-301F-11D3-BF4B-00C04F79EFBC}") = "Payment.Application", "services\payment\Payment.Application\Payment.Application.csproj", "{EB08417A-3252-413A-BF4B-C69DF00903E5}"
EndProject
Project("{FAE04EC0-301F-11D3-BF4B-00C04F79EFBC}") = "Payment.Infrastructure", "services\payment\Payment.Infrastructure\Payment.Infrastructure.csproj", "{B3A0061C-EC64-4E55-8B1F-31F676C48B91}"
EndProject
Global
	GlobalSection(SolutionConfigurationPlatforms) = preSolution
		Debug|Any CPU = Debug|Any CPU
		Release|Any CPU = Release|Any CPU
	EndGlobalSection
	GlobalSection(ProjectConfigurationPlatforms) = postSolution
		{2448EEEF-7071-4973-B279-6FAD71953F51}.Debug|Any CPU.ActiveCfg = Debug|Any CPU
		{2448EEEF-7071-4973-B279-6FAD71953F51}.Debug|Any CPU.Build.0 = Debug|Any CPU
		{2448EEEF-7071-4973-B279-6FAD71953F51}.Release|Any CPU.ActiveCfg = Release|Any CPU
		{2448EEEF-7071-4973-B279-6FAD71953F51}.Release|Any CPU.Build.0 = Release|Any CPU
		{E372AE4E-4069-4014-B856-467672F1278F}.Debug|Any CPU.ActiveCfg = Debug|Any CPU
		{E372AE4E-4069-4014-B856-467672F1278F}.Debug|Any CPU.Build.0 = Debug|Any CPU
		{E372AE4E-4069-4014-B856-467672F1278F}.Release|Any CPU.ActiveCfg = Release|Any CPU
		{E372AE4E-4069-4014-B856-467672F1278F}.Release|Any CPU.Build.0 = Release|Any CPU
		{0F6C6074-9B4E-4717-80D7-7B73CA450D2F}.Debug|Any CPU.ActiveCfg = Debug|Any CPU
		{0F6C6074-9B4E-4717-80D7-7B73CA450D2F}.Debug|Any CPU.Build.0 = Debug|Any CPU
		{0F6C6074-9B4E-4717-80D7-7B73CA450D2F}.Release|Any CPU.ActiveCfg = Release|Any CPU
		{0F6C6074-9B4E-4717-80D7-7B73CA450D2F}.Release|Any CPU.Build.0 = Release|Any CPU
		{9B0327EB-B565-4E37-9759-99393A1125D8}.Debug|Any CPU.ActiveCfg = Debug|Any CPU
		{9B0327EB-B565-4E37-9759-99393A1125D8}.Debug|Any CPU.Build.0 = Debug|Any CPU
		{9B0327EB-B565-4E37-9759-99393A1125D8}.Release|Any CPU.ActiveCfg = Release|Any CPU
		{9B0327EB-B565-4E37-9759-99393A1125D8}.Release|Any CPU.Build.0 = Release|Any CPU
		{A9DBFB06-9D4A-4138-972A-2772B2E03428}.Debug|Any CPU.ActiveCfg = Debug|Any CPU
		{A9DBFB06-9D4A-4138-972A-2772B2E03428}.Debug|Any CPU.Build.0 = Debug|Any CPU
		{A9DBFB06-9D4A-4138-972A-2772B2E03428}.Release|Any CPU.ActiveCfg = Release|Any CPU
		{A9DBFB06-9D4A-4138-972A-2772B2E03428}.Release|Any CPU.Build.0 = Release|Any CPU
		{0B6A55AE-ECAA-4703-803F-8DD06E79320C}.Debug|Any CPU.ActiveCfg = Debug|Any CPU
		{0B6A55AE-ECAA-4703-803F-8DD06E79320C}.Debug|Any CPU.Build.0 = Debug|Any CPU
		{0B6A55AE-ECAA-4703-803F-8DD06E79320C}.Release|Any CPU.ActiveCfg = Release|Any CPU
		{0B6A55AE-ECAA-4703-803F-8DD06E79320C}.Release|Any CPU.Build.0 = Release|Any CPU
		{05B05E7A-838D-4354-A13E-80880B4238BC}.Debug|Any CPU.ActiveCfg = Debug|Any CPU
		{05B05E7A-838D-4354-A13E-80880B4238BC}.Debug|Any CPU.Build.0 = Debug|Any CPU
		{05B05E7A-838D-4354-A13E-80880B4238BC}.Release|Any CPU.ActiveCfg = Release|Any CPU
		{05B05E7A-838D-4354-A13E-80880B4238BC}.Release|Any CPU.Build.0 = Release|Any CPU
		{C2022F69-D12C-4C48-9BCD-63394AEBEB13}.Debug|Any CPU.ActiveCfg = Debug|Any CPU
		{C2022F69-D12C-4C48-9BCD-63394AEBEB13}.Debug|Any CPU.Build.0 = Debug|Any CPU
		{C2022F69-D12C-4C48-9BCD-63394AEBEB13}.Release|Any CPU.ActiveCfg = Release|Any CPU
		{C2022F69-D12C-4C48-9BCD-63394AEBEB13}.Release|Any CPU.Build.0 = Release|Any CPU
		{51E99B49-7AFE-4585-9E8B-998D9FE3C83F}.Debug|Any CPU.ActiveCfg = Debug|Any CPU
		{51E99B49-7AFE-4585-9E8B-998D9FE3C83F}.Debug|Any CPU.Build.0 = Debug|Any CPU
		{51E99B49-7AFE-4585-9E8B-998D9FE3C83F}.Release|Any CPU.ActiveCfg = Release|Any CPU
		{51E99B49-7AFE-4585-9E8B-998D9FE3C83F}.Release|Any CPU.Build.0 = Release|Any CPU
		{49350901-4A94-4712-8177-F811CBD6AE49}.Debug|Any CPU.ActiveCfg = Debug|Any CPU
		{49350901-4A94-4712-8177-F811CBD6AE49}.Debug|Any CPU.Build.0 = Debug|Any CPU
		{49350901-4A94-4712-8177-F811CBD6AE49}.Release|Any CPU.ActiveCfg = Release|Any CPU
		{49350901-4A94-4712-8177-F811CBD6AE49}.Release|Any CPU.Build.0 = Release|Any CPU
		{7A366663-9F4D-4DBB-ADAF-A67459F9C519}.Debug|Any CPU.ActiveCfg = Debug|Any CPU
		{7A366663-9F4D-4DBB-ADAF-A67459F9C519}.Debug|Any CPU.Build.0 = Debug|Any CPU
		{7A366663-9F4D-4DBB-ADAF-A67459F9C519}.Release|Any CPU.ActiveCfg = Release|Any CPU
		{7A366663-9F4D-4DBB-ADAF-A67459F9C519}.Release|Any CPU.Build.0 = Release|Any CPU
		{A036613F-8E12-424F-915F-49B31F4CC314}.Debug|Any CPU.ActiveCfg = Debug|Any CPU
		{A036613F-8E12-424F-915F-49B31F4CC314}.Debug|Any CPU.Build.0 = Debug|Any CPU
		{A036613F-8E12-424F-915F-49B31F4CC314}.Release|Any CPU.ActiveCfg = Release|Any CPU
		{A036613F-8E12-424F-915F-49B31F4CC314}.Release|Any CPU.Build.0 = Release|Any CPU
		{C316B0AB-DE0A-45C9-A0A6-EF8E5705BA38}.Debug|Any CPU.ActiveCfg = Debug|Any CPU
		{C316B0AB-DE0A-45C9-A0A6-EF8E5705BA38}.Debug|Any CPU.Build.0 = Debug|Any CPU
		{C316B0AB-DE0A-45C9-A0A6-EF8E5705BA38}.Release|Any CPU.ActiveCfg = Release|Any CPU
		{C316B0AB-DE0A-45C9-A0A6-EF8E5705BA38}.Release|Any CPU.Build.0 = Release|Any CPU
		{A30CF798-02A4-4D6E-B7F4-E1D2D370812A}.Debug|Any CPU.ActiveCfg = Debug|Any CPU
		{A30CF798-02A4-4D6E-B7F4-E1D2D370812A}.Debug|Any CPU.Build.0 = Debug|Any CPU
		{A30CF798-02A4-4D6E-B7F4-E1D2D370812A}.Release|Any CPU.ActiveCfg = Release|Any CPU
		{A30CF798-02A4-4D6E-B7F4-E1D2D370812A}.Release|Any CPU.Build.0 = Release|Any CPU
		{78BD7EFF-463C-47A3-9B2C-426EBB2293DF}.Debug|Any CPU.ActiveCfg = Debug|Any CPU
		{78BD7EFF-463C-47A3-9B2C-426EBB2293DF}.Debug|Any CPU.Build.0 = Debug|Any CPU
		{78BD7EFF-463C-47A3-9B2C-426EBB2293DF}.Release|Any CPU.ActiveCfg = Release|Any CPU
		{78BD7EFF-463C-47A3-9B2C-426EBB2293DF}.Release|Any CPU.Build.0 = Release|Any CPU
		{01879B5C-F49E-425C-AEEA-09BA30738BA6}.Debug|Any CPU.ActiveCfg = Debug|Any CPU
		{01879B5C-F49E-425C-AEEA-09BA30738BA6}.Debug|Any CPU.Build.0 = Debug|Any CPU
		{01879B5C-F49E-425C-AEEA-09BA30738BA6}.Release|Any CPU.ActiveCfg = Release|Any CPU
		{01879B5C-F49E-425C-AEEA-09BA30738BA6}.Release|Any CPU.Build.0 = Release|Any CPU
		{9515644C-CA73-4BE0-AE76-51C99AC545B7}.Debug|Any CPU.ActiveCfg = Debug|Any CPU
		{9515644C-CA73-4BE0-AE76-51C99AC545B7}.Debug|Any CPU.Build.0 = Debug|Any CPU
		{9515644C-CA73-4BE0-AE76-51C99AC545B7}.Release|Any CPU.ActiveCfg = Release|Any CPU
		{9515644C-CA73-4BE0-AE76-51C99AC545B7}.Release|Any CPU.Build.0 = Release|Any CPU
		{34F2845A-C3D3-43D8-AF63-C0E9A616110C}.Debug|Any CPU.ActiveCfg = Debug|Any CPU
		{34F2845A-C3D3-43D8-AF63-C0E9A616110C}.Debug|Any CPU.Build.0 = Debug|Any CPU
		{34F2845A-C3D3-43D8-AF63-C0E9A616110C}.Release|Any CPU.ActiveCfg = Release|Any CPU
		{34F2845A-C3D3-43D8-AF63-C0E9A616110C}.Release|Any CPU.Build.0 = Release|Any CPU
		{F4562681-FED5-40C6-A70A-464E4F1EA24A}.Debug|Any CPU.ActiveCfg = Debug|Any CPU
		{F4562681-FED5-40C6-A70A-464E4F1EA24A}.Debug|Any CPU.Build.0 = Debug|Any CPU
		{F4562681-FED5-40C6-A70A-464E4F1EA24A}.Release|Any CPU.ActiveCfg = Release|Any CPU
		{F4562681-FED5-40C6-A70A-464E4F1EA24A}.Release|Any CPU.Build.0 = Release|Any CPU
		{A4BCA230-3F56-4770-AE3F-961C7CA287DB}.Debug|Any CPU.ActiveCfg = Debug|Any CPU
		{A4BCA230-3F56-4770-AE3F-961C7CA287DB}.Debug|Any CPU.Build.0 = Debug|Any CPU
		{A4BCA230-3F56-4770-AE3F-961C7CA287DB}.Release|Any CPU.ActiveCfg = Release|Any CPU
		{A4BCA230-3F56-4770-AE3F-961C7CA287DB}.Release|Any CPU.Build.0 = Release|Any CPU
		{D9A308A1-F468-4721-AF34-CCA9942ECCF6}.Debug|Any CPU.ActiveCfg = Debug|Any CPU
		{D9A308A1-F468-4721-AF34-CCA9942ECCF6}.Debug|Any CPU.Build.0 = Debug|Any CPU
		{D9A308A1-F468-4721-AF34-CCA9942ECCF6}.Release|Any CPU.ActiveCfg = Release|Any CPU
		{D9A308A1-F468-4721-AF34-CCA9942ECCF6}.Release|Any CPU.Build.0 = Release|Any CPU
		{522ABCAE-C3CA-42E5-9B1D-60915111F836}.Debug|Any CPU.ActiveCfg = Debug|Any CPU
		{522ABCAE-C3CA-42E5-9B1D-60915111F836}.Debug|Any CPU.Build.0 = Debug|Any CPU
		{522ABCAE-C3CA-42E5-9B1D-60915111F836}.Release|Any CPU.ActiveCfg = Release|Any CPU
		{522ABCAE-C3CA-42E5-9B1D-60915111F836}.Release|Any CPU.Build.0 = Release|Any CPU
		{3F0EA4A3-9694-4A05-9BBD-E58977BF695B}.Debug|Any CPU.ActiveCfg = Debug|Any CPU
		{3F0EA4A3-9694-4A05-9BBD-E58977BF695B}.Debug|Any CPU.Build.0 = Debug|Any CPU
		{3F0EA4A3-9694-4A05-9BBD-E58977BF695B}.Release|Any CPU.ActiveCfg = Release|Any CPU
		{3F0EA4A3-9694-4A05-9BBD-E58977BF695B}.Release|Any CPU.Build.0 = Release|Any CPU
		{3F29ED79-D854-4DC9-90CA-1BC75327C457}.Debug|Any CPU.ActiveCfg = Debug|Any CPU
		{3F29ED79-D854-4DC9-90CA-1BC75327C457}.Debug|Any CPU.Build.0 = Debug|Any CPU
		{3F29ED79-D854-4DC9-90CA-1BC75327C457}.Release|Any CPU.ActiveCfg = Release|Any CPU
		{3F29ED79-D854-4DC9-90CA-1BC75327C457}.Release|Any CPU.Build.0 = Release|Any CPU
		{FCB8766D-B269-4FA7-B80B-0BA53E75C2FA}.Debug|Any CPU.ActiveCfg = Debug|Any CPU
		{FCB8766D-B269-4FA7-B80B-0BA53E75C2FA}.Debug|Any CPU.Build.0 = Debug|Any CPU
		{FCB8766D-B269-4FA7-B80B-0BA53E75C2FA}.Release|Any CPU.ActiveCfg = Release|Any CPU
		{FCB8766D-B269-4FA7-B80B-0BA53E75C2FA}.Release|Any CPU.Build.0 = Release|Any CPU
		{12FD90F6-EDD1-4A28-966E-9CF73EF7A3E4}.Debug|Any CPU.ActiveCfg = Debug|Any CPU
		{12FD90F6-EDD1-4A28-966E-9CF73EF7A3E4}.Debug|Any CPU.Build.0 = Debug|Any CPU
		{12FD90F6-EDD1-4A28-966E-9CF73EF7A3E4}.Release|Any CPU.ActiveCfg = Release|Any CPU
		{12FD90F6-EDD1-4A28-966E-9CF73EF7A3E4}.Release|Any CPU.Build.0 = Release|Any CPU
		{31B2FA69-B460-4F9D-A0B0-804D2FDE9DD7}.Debug|Any CPU.ActiveCfg = Debug|Any CPU
		{31B2FA69-B460-4F9D-A0B0-804D2FDE9DD7}.Debug|Any CPU.Build.0 = Debug|Any CPU
		{31B2FA69-B460-4F9D-A0B0-804D2FDE9DD7}.Release|Any CPU.ActiveCfg = Release|Any CPU
		{31B2FA69-B460-4F9D-A0B0-804D2FDE9DD7}.Release|Any CPU.Build.0 = Release|Any CPU
		{EB08417A-3252-413A-BF4B-C69DF00903E5}.Debug|Any CPU.ActiveCfg = Debug|Any CPU
		{EB08417A-3252-413A-BF4B-C69DF00903E5}.Debug|Any CPU.Build.0 = Debug|Any CPU
		{EB08417A-3252-413A-BF4B-C69DF00903E5}.Release|Any CPU.ActiveCfg = Release|Any CPU
		{EB08417A-3252-413A-BF4B-C69DF00903E5}.Release|Any CPU.Build.0 = Release|Any CPU
		{B3A0061C-EC64-4E55-8B1F-31F676C48B91}.Debug|Any CPU.ActiveCfg = Debug|Any CPU
		{B3A0061C-EC64-4E55-8B1F-31F676C48B91}.Debug|Any CPU.Build.0 = Debug|Any CPU
		{B3A0061C-EC64-4E55-8B1F-31F676C48B91}.Release|Any CPU.ActiveCfg = Release|Any CPU
		{B3A0061C-EC64-4E55-8B1F-31F676C48B91}.Release|Any CPU.Build.0 = Release|Any CPU
	EndGlobalSection
	GlobalSection(NestedProjects) = preSolution
		{2448EEEF-7071-4973-B279-6FAD71953F51} = {CCE913AB-7E94-4367-9B76-BA85BAA24CF1}
		{9B0327EB-B565-4E37-9759-99393A1125D8} = {CCE913AB-7E94-4367-9B76-BA85BAA24CF1}
		{E372AE4E-4069-4014-B856-467672F1278F} = {CCE913AB-7E94-4367-9B76-BA85BAA24CF1}
		{0F6C6074-9B4E-4717-80D7-7B73CA450D2F} = {CCE913AB-7E94-4367-9B76-BA85BAA24CF1}
		{A9DBFB06-9D4A-4138-972A-2772B2E03428} = {87183550-B2D4-4A75-B618-0D664DE638EF}
		{0B6A55AE-ECAA-4703-803F-8DD06E79320C} = {87183550-B2D4-4A75-B618-0D664DE638EF}
		{05B05E7A-838D-4354-A13E-80880B4238BC} = {87183550-B2D4-4A75-B618-0D664DE638EF}
		{C2022F69-D12C-4C48-9BCD-63394AEBEB13} = {87183550-B2D4-4A75-B618-0D664DE638EF}
		{51E99B49-7AFE-4585-9E8B-998D9FE3C83F} = {7BFDD1A7-538C-4FAD-A34A-02CF748DEFDF}
		{49350901-4A94-4712-8177-F811CBD6AE49} = {0928AC5A-AD86-4AB6-95C5-0B765B7CC94E}
		{7A366663-9F4D-4DBB-ADAF-A67459F9C519} = {0928AC5A-AD86-4AB6-95C5-0B765B7CC94E}
		{A036613F-8E12-424F-915F-49B31F4CC314} = {0928AC5A-AD86-4AB6-95C5-0B765B7CC94E}
		{C316B0AB-DE0A-45C9-A0A6-EF8E5705BA38} = {0928AC5A-AD86-4AB6-95C5-0B765B7CC94E}
		{A30CF798-02A4-4D6E-B7F4-E1D2D370812A} = {7E01922C-83C2-4B1E-900E-C01B20243751}
		{78BD7EFF-463C-47A3-9B2C-426EBB2293DF} = {7E01922C-83C2-4B1E-900E-C01B20243751}
		{01879B5C-F49E-425C-AEEA-09BA30738BA6} = {7E01922C-83C2-4B1E-900E-C01B20243751}
		{9515644C-CA73-4BE0-AE76-51C99AC545B7} = {7E01922C-83C2-4B1E-900E-C01B20243751}
		{34F2845A-C3D3-43D8-AF63-C0E9A616110C} = {CCE913AB-7E94-4367-9B76-BA85BAA24CF1}
		{F4562681-FED5-40C6-A70A-464E4F1EA24A} = {F2D9E7C1-8B4D-4A2B-A953-BCB74B548733}
		{A4BCA230-3F56-4770-AE3F-961C7CA287DB} = {F2D9E7C1-8B4D-4A2B-A953-BCB74B548733}
		{D9A308A1-F468-4721-AF34-CCA9942ECCF6} = {F2D9E7C1-8B4D-4A2B-A953-BCB74B548733}
		{522ABCAE-C3CA-42E5-9B1D-60915111F836} = {4A794D86-937F-4EB7-83B6-81BDD4079F38}
		{3F0EA4A3-9694-4A05-9BBD-E58977BF695B} = {4A794D86-937F-4EB7-83B6-81BDD4079F38}
		{3F29ED79-D854-4DC9-90CA-1BC75327C457} = {4A794D86-937F-4EB7-83B6-81BDD4079F38}
		{FCB8766D-B269-4FA7-B80B-0BA53E75C2FA} = {4A794D86-937F-4EB7-83B6-81BDD4079F38}
		{12FD90F6-EDD1-4A28-966E-9CF73EF7A3E4} = {D4B82E3B-1920-450F-A617-DE5301FDED40}
		{31B2FA69-B460-4F9D-A0B0-804D2FDE9DD7} = {D4B82E3B-1920-450F-A617-DE5301FDED40}
		{EB08417A-3252-413A-BF4B-C69DF00903E5} = {D4B82E3B-1920-450F-A617-DE5301FDED40}
		{B3A0061C-EC64-4E55-8B1F-31F676C48B91} = {D4B82E3B-1920-450F-A617-DE5301FDED40}
	EndGlobalSection
EndGlobal
